{
  "name": "s7-mathml",
  "version": "1.0.0",
  "lockfileVersion": 3,
  "requires": true,
  "packages": {
    "": {
      "name": "s7-mathml",
      "version": "1.0.0",
      "license": "ISC",
      "dependencies": {
        "temml": "^0.11.11"
      }
    },
    "node_modules/temml": {
      "version": "0.11.11",
      "resolved": "https://registry.npmjs.org/temml/-/temml-0.11.11.tgz",
      "integrity": "sha512-Z/Ihgwad+ges0ez6+KmKWZ3o4BYbP6aZ/cU94cVtN+DwxwqxjHgcF4Z6cb9jLkKN+aU7uni165HsIxLHs5/TqA==",
      "license": "MIT",
      "engines": {
        "node": ">=18.13.0"
      }
    }
  }
}
